github.com/RomainAgostinelli/binarytree v0.0.0-20210614235007-ef1af68b8fa0/go.mod h1:s3dPuc5TTXYjut0FNkDoskSFbqSb5DonT0fiAI5gIvs=
github.com/RomainAgostinelli/binarytree v0.0.0-20210621135932-374a0206c3e3 h1:fw3oc0dak/Ys0gEYtDiiUsKlA8Zrr5nQsHeD9oWB1vA=
github.com/RomainAgostinelli/binarytree v0.0.0-20210621135932-374a0206c3e3/go.mod h1:s3dPuc5TTXYjut0FNkDoskSFbqSb5DonT0fiAI5gIvs=
github.com/RomainAgostinelli/bst v0.0.0-20210621124243-a56f9c872b5c h1:/xcqHNjJJmfdRN/FnEIJZDz1muhKIFrwH+IlfzV8bW0=
github.com/RomainAgostinelli/bst v0.0.0-20210621124243-a56f9c872b5c/go.mod h1:o8KB37aEcFHKcCoscQBP50KdL7lyjJsuCxK8Mg90nUU=
github.com/RomainAgostinelli/bst v0.0.0-20210621141309-8fa4aeaa7f64 h1:e+9s6LRd2/k12u2ccAQ9sn/42kyfmeIcXJVnpQAjUO8=
github.com/RomainAgostinelli/bst v0.0.0-20210621141309-8fa4aeaa7f64/go.mod h1:FIByhtqUFFynxAylwD+e3tvXIHTvcdRsGTGVb/fLcYI=
